
Microsoft Visual Studio Solution File, Format Version 12.00
# Visual Studio Version 16
VisualStudioVersion = 16.0.29613.14
MinimumVisualStudioVersion = 10.0.40219.1
Project("{FAE04EC0-301F-11D3-BF4B-00C04F79EFBC}") = "EXERCICIO_01", "EXERCICIO_01\EXERCICIO_01.csproj", "{BA21E3D1-EFC0-4318-9EE4-14766CC2C995}"
EndProject
Global
	GlobalSection(SolutionConfigurationPlatforms) = preSolution
		Debug|Any CPU = Debug|Any CPU
		Release|Any CPU = Release|Any CPU
	EndGlobalSection
	GlobalSection(ProjectConfigurationPlatforms) = postSolution
		{BA21E3D1-EFC0-4318-9EE4-14766CC2C995}.Debug|Any CPU.ActiveCfg = Debug|Any CPU
		{BA21E3D1-EFC0-4318-9EE4-14766CC2C995}.Debug|Any CPU.Build.0 = Debug|Any CPU
		{BA21E3D1-EFC0-4318-9EE4-14766CC2C995}.Release|Any CPU.ActiveCfg = Release|Any CPU
		{BA21E3D1-EFC0-4318-9EE4-14766CC2C995}.Release|Any CPU.Build.0 = Release|Any CPU
	EndGlobalSection
	GlobalSection(SolutionProperties) = preSolution
		HideSolutionNode = FALSE
	EndGlobalSection
	GlobalSection(ExtensibilityGlobals) = postSolution
		SolutionGuid = {947E45EF-C04D-4D61-AE4B-DE1C1D1CB930}
	EndGlobalSection
EndGlobal
